PODS:
  - Kingfisher (7.4.1)
  - LookinServer (1.0.6)
  - SnapKit (5.6.0)
  - SwifterSwift/CoreAnimation (5.2.0)
  - SwifterSwift/CoreGraphics (5.2.0)
  - SwifterSwift/Dispatch (5.2.0)
  - SwifterSwift/Foundation (5.2.0)
  - SwifterSwift/StoreKit (5.2.0)
  - SwifterSwift/SwiftStdlib (5.2.0)
  - SwifterSwift/UIKit (5.2.0)

DEPENDENCIES:
  - Kingfisher
  - LookinServer
  - SnapKit
  - SwifterSwift/CoreAnimation
  - SwifterSwift/CoreGraphics
  - SwifterSwift/Dispatch
  - SwifterSwift/Foundation
  - SwifterSwift/StoreKit
  - SwifterSwift/SwiftStdlib
  - SwifterSwift/UIKit

SPEC REPOS:
  trunk:
    - Kingfisher
    - LookinServer
    - SnapKit
    - SwifterSwift

SPEC CHECKSUMS:
  Kingfisher: cd762a593a61b2fbecf7645c00f9a801a3ebfc9c
  LookinServer: 18155b1e4a08213c236a1dd6b7ca52328a70a1e3
  SnapKit: e01d52ebb8ddbc333eefe2132acf85c8227d9c25
  SwifterSwift: 334181863c416882d97b7a60c05054d9e4d799e2

PODFILE CHECKSUM: f2fe6d4d763fb02b5597f622b193ec27a58b9d17

COCOAPODS: 1.11.3
