// !$*UTF8*$!
{
	archiveVersion = 1;
	classes = {
	};
	objectVersion = 55;
	objects = {

/* Begin PBXBuildFile section */
		5A7E458F29151382000D8E8B /* PopWindow.swift in Sources */ = {isa = PBXBuildFile; fileRef = 5A7E458E29151382000D8E8B /* PopWindow.swift */; };
		5A7E459129153510000D8E8B /* UIResponder+Ex.swift in Sources */ = {isa = PBXBuildFile; fileRef = 5A7E459029153510000D8E8B /* UIResponder+Ex.swift */; };
		5A7E459329153524000D8E8B /* Log+Ex.swift in Sources */ = {isa = PBXBuildFile; fileRef = 5A7E459229153524000D8E8B /* Log+Ex.swift */; };
		5AF01A6F290BC38E00F980DB /* AppDelegate.swift in Sources */ = {isa = PBXBuildFile; fileRef = 5AF01A6E290BC38E00F980DB /* AppDelegate.swift */; };
		5AF01A73290BC38E00F980DB /* ViewController.swift in Sources */ = {isa = PBXBuildFile; fileRef = 5AF01A72290BC38E00F980DB /* ViewController.swift */; };
		5AF01A76290BC38E00F980DB /* Main.storyboard in Resources */ = {isa = PBXBuildFile; fileRef = 5AF01A74290BC38E00F980DB /* Main.storyboard */; };
		5AF01A78290BC38F00F980DB /* Assets.xcassets in Resources */ = {isa = PBXBuildFile; fileRef = 5AF01A77290BC38F00F980DB /* Assets.xcassets */; };
		5AF01A7B290BC38F00F980DB /* LaunchScreen.storyboard in Resources */ = {isa = PBXBuildFile; fileRef = 5AF01A79290BC38F00F980DB /* LaunchScreen.storyboard */; };
		5AF01A83290BC3A500F980DB /* PopWindowQueue.swift in Sources */ = {isa = PBXBuildFile; fileRef = 5AF01A82290BC3A500F980DB /* PopWindowQueue.swift */; };
		5AF58FEE290FB60600780CB7 /* AudioRecordViewController.swift in Sources */ = {isa = PBXBuildFile; fileRef = 5AF58FED290FB60600780CB7 /* AudioRecordViewController.swift */; };
		5AF58FF52911390200780CB7 /* AlertContainer.swift in Sources */ = {isa = PBXBuildFile; fileRef = 5AF58FF42911390200780CB7 /* AlertContainer.swift */; };
		5AF58FF72911390800780CB7 /* BottomAlertContainer.swift in Sources */ = {isa = PBXBuildFile; fileRef = 5AF58FF62911390800780CB7 /* BottomAlertContainer.swift */; };
		5AF58FF92911391100780CB7 /* NormalAlertView.swift in Sources */ = {isa = PBXBuildFile; fileRef = 5AF58FF82911391100780CB7 /* NormalAlertView.swift */; };
		5AF58FFB29113B5E00780CB7 /* DemoBottomAlert.swift in Sources */ = {isa = PBXBuildFile; fileRef = 5AF58FFA29113B5E00780CB7 /* DemoBottomAlert.swift */; };
		A4264A10E2732CDE4F76C8BB /* Pods_DailyPaper.framework in Frameworks */ = {isa = PBXBuildFile; fileRef = BDCBCCD68DBCE91007BF36B7 /* Pods_DailyPaper.framework */; };
/* End PBXBuildFile section */

/* Begin PBXFileReference section */
		5A7E458E29151382000D8E8B /* PopWindow.swift */ = {isa = PBXFileReference; lastKnownFileType = sourcecode.swift; path = PopWindow.swift; sourceTree = "<group>"; };
		5A7E459029153510000D8E8B /* UIResponder+Ex.swift */ = {isa = PBXFileReference; lastKnownFileType = sourcecode.swift; path = "UIResponder+Ex.swift"; sourceTree = "<group>"; };
		5A7E459229153524000D8E8B /* Log+Ex.swift */ = {isa = PBXFileReference; lastKnownFileType = sourcecode.swift; path = "Log+Ex.swift"; sourceTree = "<group>"; };
		5AF01A6B290BC38E00F980DB /* DailyPaper.app */ = {isa = PBXFileReference; explicitFileType = wrapper.application; includeInIndex = 0; path = DailyPaper.app; sourceTree = BUILT_PRODUCTS_DIR; };
		5AF01A6E290BC38E00F980DB /* AppDelegate.swift */ = {isa = PBXFileReference; lastKnownFileType = sourcecode.swift; path = AppDelegate.swift; sourceTree = "<group>"; };
		5AF01A72290BC38E00F980DB /* ViewController.swift */ = {isa = PBXFileReference; lastKnownFileType = sourcecode.swift; path = ViewController.swift; sourceTree = "<group>"; };
		5AF01A75290BC38E00F980DB /* Base */ = {isa = PBXFileReference; lastKnownFileType = file.storyboard; name = Base; path = Base.lproj/Main.storyboard; sourceTree = "<group>"; };
		5AF01A77290BC38F00F980DB /* Assets.xcassets */ = {isa = PBXFileReference; lastKnownFileType = folder.assetcatalog; path = Assets.xcassets; sourceTree = "<group>"; };
		5AF01A7A290BC38F00F980DB /* Base */ = {isa = PBXFileReference; lastKnownFileType = file.storyboard; name = Base; path = Base.lproj/LaunchScreen.storyboard; sourceTree = "<group>"; };
		5AF01A7C290BC38F00F980DB /* Info.plist */ = {isa = PBXFileReference; lastKnownFileType = text.plist.xml; path = Info.plist; sourceTree = "<group>"; };
		5AF01A82290BC3A500F980DB /* PopWindowQueue.swift */ = {isa = PBXFileReference; lastKnownFileType = sourcecode.swift; path = PopWindowQueue.swift; sourceTree = "<group>"; };
		5AF58FED290FB60600780CB7 /* AudioRecordViewController.swift */ = {isa = PBXFileReference; lastKnownFileType = sourcecode.swift; path = AudioRecordViewController.swift; sourceTree = "<group>"; };
		5AF58FF42911390200780CB7 /* AlertContainer.swift */ = {isa = PBXFileReference; fileEncoding = 4; lastKnownFileType = sourcecode.swift; path = AlertContainer.swift; sourceTree = "<group>"; };
		5AF58FF62911390800780CB7 /* BottomAlertContainer.swift */ = {isa = PBXFileReference; fileEncoding = 4; lastKnownFileType = sourcecode.swift; path = BottomAlertContainer.swift; sourceTree = "<group>"; };
		5AF58FF82911391100780CB7 /* NormalAlertView.swift */ = {isa = PBXFileReference; fileEncoding = 4; lastKnownFileType = sourcecode.swift; path = NormalAlertView.swift; sourceTree = "<group>"; };
		5AF58FFA29113B5E00780CB7 /* DemoBottomAlert.swift */ = {isa = PBXFileReference; lastKnownFileType = sourcecode.swift; path = DemoBottomAlert.swift; sourceTree = "<group>"; };
		70E232CD952F7789B4A15671 /* Pods-DailyPaper.debug.xcconfig */ = {isa = PBXFileReference; includeInIndex = 1; lastKnownFileType = text.xcconfig; name = "Pods-DailyPaper.debug.xcconfig"; path = "Target Support Files/Pods-DailyPaper/Pods-DailyPaper.debug.xcconfig"; sourceTree = "<group>"; };
		855E4CBD72A2A688D5D5DDBD /* Pods-DailyPaper.release.xcconfig */ = {isa = PBXFileReference; includeInIndex = 1; lastKnownFileType = text.xcconfig; name = "Pods-DailyPaper.release.xcconfig"; path = "Target Support Files/Pods-DailyPaper/Pods-DailyPaper.release.xcconfig"; sourceTree = "<group>"; };
		BDCBCCD68DBCE91007BF36B7 /* Pods_DailyPaper.framework */ = {isa = PBXFileReference; explicitFileType = wrapper.framework; includeInIndex = 0; path = Pods_DailyPaper.framework; sourceTree = BUILT_PRODUCTS_DIR; };
/* End PBXFileReference section */

/* Begin PBXFrameworksBuildPhase section */
		5AF01A68290BC38E00F980DB /* Frameworks */ = {
			isa = PBXFrameworksBuildPhase;
			buildActionMask = 2147483647;
			files = (
				A4264A10E2732CDE4F76C8BB /* Pods_DailyPaper.framework in Frameworks */,
			);
			runOnlyForDeploymentPostprocessing = 0;
		};
/* End PBXFrameworksBuildPhase section */

/* Begin PBXGroup section */
		551FFAA97084E3F7F244F5DA /* Frameworks */ = {
			isa = PBXGroup;
			children = (
				BDCBCCD68DBCE91007BF36B7 /* Pods_DailyPaper.framework */,
			);
			name = Frameworks;
			sourceTree = "<group>";
		};
		5A7E459429153563000D8E8B /* Items */ = {
			isa = PBXGroup;
			children = (
				5AF01A82290BC3A500F980DB /* PopWindowQueue.swift */,
				5AF58FED290FB60600780CB7 /* AudioRecordViewController.swift */,
				5A7E458E29151382000D8E8B /* PopWindow.swift */,
				5AF58FF32911379A00780CB7 /* Alert */,
			);
			path = Items;
			sourceTree = "<group>";
		};
		5A7E45952915358B000D8E8B /* Extensions */ = {
			isa = PBXGroup;
			children = (
				5A7E459029153510000D8E8B /* UIResponder+Ex.swift */,
				5A7E459229153524000D8E8B /* Log+Ex.swift */,
			);
			path = Extensions;
			sourceTree = "<group>";
		};
		5AF01A62290BC38E00F980DB = {
			isa = PBXGroup;
			children = (
				5AF01A6D290BC38E00F980DB /* DailyPaper */,
				5AF01A6C290BC38E00F980DB /* Products */,
				BAA276E01E70E2A3AE13136C /* Pods */,
				551FFAA97084E3F7F244F5DA /* Frameworks */,
			);
			sourceTree = "<group>";
		};
		5AF01A6C290BC38E00F980DB /* Products */ = {
			isa = PBXGroup;
			children = (
				5AF01A6B290BC38E00F980DB /* DailyPaper.app */,
			);
			name = Products;
			sourceTree = "<group>";
		};
		5AF01A6D290BC38E00F980DB /* DailyPaper */ = {
			isa = PBXGroup;
			children = (
				5AF01A6E290BC38E00F980DB /* AppDelegate.swift */,
				5AF01A72290BC38E00F980DB /* ViewController.swift */,
				5A7E45952915358B000D8E8B /* Extensions */,
				5A7E459429153563000D8E8B /* Items */,
				5AF01A74290BC38E00F980DB /* Main.storyboard */,
				5AF01A77290BC38F00F980DB /* Assets.xcassets */,
				5AF01A79290BC38F00F980DB /* LaunchScreen.storyboard */,
				5AF01A7C290BC38F00F980DB /* Info.plist */,
			);
			path = DailyPaper;
			sourceTree = "<group>";
		};
		5AF58FF32911379A00780CB7 /* Alert */ = {
			isa = PBXGroup;
			children = (
				5AF58FF42911390200780CB7 /* AlertContainer.swift */,
				5AF58FF62911390800780CB7 /* BottomAlertContainer.swift */,
				5AF58FF82911391100780CB7 /* NormalAlertView.swift */,
				5AF58FFA29113B5E00780CB7 /* DemoBottomAlert.swift */,
			);
			path = Alert;
			sourceTree = "<group>";
		};
		BAA276E01E70E2A3AE13136C /* Pods */ = {
			isa = PBXGroup;
			children = (
				70E232CD952F7789B4A15671 /* Pods-DailyPaper.debug.xcconfig */,
				855E4CBD72A2A688D5D5DDBD /* Pods-DailyPaper.release.xcconfig */,
			);
			path = Pods;
			sourceTree = "<group>";
		};
/* End PBXGroup section */

/* Begin PBXNativeTarget section */
		5AF01A6A290BC38E00F980DB /* DailyPaper */ = {
			isa = PBXNativeTarget;
			buildConfigurationList = 5AF01A7F290BC38F00F980DB /* Build configuration list for PBXNativeTarget "DailyPaper" */;
			buildPhases = (
				A539754909F8D6FC95C060D2 /* [CP] Check Pods Manifest.lock */,
				5AF01A67290BC38E00F980DB /* Sources */,
				5AF01A68290BC38E00F980DB /* Frameworks */,
				5AF01A69290BC38E00F980DB /* Resources */,
				6D57639D394351B9794BA9BB /* [CP] Embed Pods Frameworks */,
			);
			buildRules = (
			);
			dependencies = (
			);
			name = DailyPaper;
			productName = DailyPaper;
			productReference = 5AF01A6B290BC38E00F980DB /* DailyPaper.app */;
			productType = "com.apple.product-type.application";
		};
/* End PBXNativeTarget section */

/* Begin PBXProject section */
		5AF01A63290BC38E00F980DB /* Project object */ = {
			isa = PBXProject;
			attributes = {
				BuildIndependentTargetsInParallel = 1;
				LastSwiftUpdateCheck = 1400;
				LastUpgradeCheck = 1400;
				TargetAttributes = {
					5AF01A6A290BC38E00F980DB = {
						CreatedOnToolsVersion = 14.0.1;
					};
				};
			};
			buildConfigurationList = 5AF01A66290BC38E00F980DB /* Build configuration list for PBXProject "DailyPaper" */;
			compatibilityVersion = "Xcode 13.0";
			developmentRegion = en;
			hasScannedForEncodings = 0;
			knownRegions = (
				en,
				Base,
			);
			mainGroup = 5AF01A62290BC38E00F980DB;
			productRefGroup = 5AF01A6C290BC38E00F980DB /* Products */;
			projectDirPath = "";
			projectRoot = "";
			targets = (
				5AF01A6A290BC38E00F980DB /* DailyPaper */,
			);
		};
/* End PBXProject section */

/* Begin PBXResourcesBuildPhase section */
		5AF01A69290BC38E00F980DB /* Resources */ = {
			isa = PBXResourcesBuildPhase;
			buildActionMask = 2147483647;
			files = (
				5AF01A7B290BC38F00F980DB /* LaunchScreen.storyboard in Resources */,
				5AF01A78290BC38F00F980DB /* Assets.xcassets in Resources */,
				5AF01A76290BC38E00F980DB /* Main.storyboard in Resources */,
			);
			runOnlyForDeploymentPostprocessing = 0;
		};
/* End PBXResourcesBuildPhase section */

/* Begin PBXShellScriptBuildPhase section */
		6D57639D394351B9794BA9BB /* [CP] Embed Pods Frameworks */ = {
			isa = PBXShellScriptBuildPhase;
			buildActionMask = 2147483647;
			files = (
			);
			inputFileListPaths = (
				"${PODS_ROOT}/Target Support Files/Pods-DailyPaper/Pods-DailyPaper-frameworks-${CONFIGURATION}-input-files.xcfilelist",
			);
			name = "[CP] Embed Pods Frameworks";
			outputFileListPaths = (
				"${PODS_ROOT}/Target Support Files/Pods-DailyPaper/Pods-DailyPaper-frameworks-${CONFIGURATION}-output-files.xcfilelist",
			);
			runOnlyForDeploymentPostprocessing = 0;
			shellPath = /bin/sh;
			shellScript = "\"${PODS_ROOT}/Target Support Files/Pods-DailyPaper/Pods-DailyPaper-frameworks.sh\"\n";
			showEnvVarsInLog = 0;
		};
		A539754909F8D6FC95C060D2 /* [CP] Check Pods Manifest.lock */ = {
			isa = PBXShellScriptBuildPhase;
			buildActionMask = 2147483647;
			files = (
			);
			inputFileListPaths = (
			);
			inputPaths = (
				"${PODS_PODFILE_DIR_PATH}/Podfile.lock",
				"${PODS_ROOT}/Manifest.lock",
			);
			name = "[CP] Check Pods Manifest.lock";
			outputFileListPaths = (
			);
			outputPaths = (
				"$(DERIVED_FILE_DIR)/Pods-DailyPaper-checkManifestLockResult.txt",
			);
			runOnlyForDeploymentPostprocessing = 0;
			shellPath = /bin/sh;
			shellScript = "diff \"${PODS_PODFILE_DIR_PATH}/Podfile.lock\" \"${PODS_ROOT}/Manifest.lock\" > /dev/null\nif [ $? != 0 ] ; then\n    # print error to STDERR\n    echo \"error: The sandbox is not in sync with the Podfile.lock. Run 'pod install' or update your CocoaPods installation.\" >&2\n    exit 1\nfi\n# This output is used by Xcode 'outputs' to avoid re-running this script phase.\necho \"SUCCESS\" > \"${SCRIPT_OUTPUT_FILE_0}\"\n";
			showEnvVarsInLog = 0;
		};
/* End PBXShellScriptBuildPhase section */

/* Begin PBXSourcesBuildPhase section */
		5AF01A67290BC38E00F980DB /* Sources */ = {
			isa = PBXSourcesBuildPhase;
			buildActionMask = 2147483647;
			files = (
				5AF58FFB29113B5E00780CB7 /* DemoBottomAlert.swift in Sources */,
				5AF58FEE290FB60600780CB7 /* AudioRecordViewController.swift in Sources */,
				5A7E458F29151382000D8E8B /* PopWindow.swift in Sources */,
				5AF01A73290BC38E00F980DB /* ViewController.swift in Sources */,
				5AF58FF92911391100780CB7 /* NormalAlertView.swift in Sources */,
				5A7E459329153524000D8E8B /* Log+Ex.swift in Sources */,
				5AF01A6F290BC38E00F980DB /* AppDelegate.swift in Sources */,
				5AF58FF52911390200780CB7 /* AlertContainer.swift in Sources */,
				5AF58FF72911390800780CB7 /* BottomAlertContainer.swift in Sources */,
				5AF01A83290BC3A500F980DB /* PopWindowQueue.swift in Sources */,
				5A7E459129153510000D8E8B /* UIResponder+Ex.swift in Sources */,
			);
			runOnlyForDeploymentPostprocessing = 0;
		};
/* End PBXSourcesBuildPhase section */

/* Begin PBXVariantGroup section */
		5AF01A74290BC38E00F980DB /* Main.storyboard */ = {
			isa = PBXVariantGroup;
			children = (
				5AF01A75290BC38E00F980DB /* Base */,
			);
			name = Main.storyboard;
			sourceTree = "<group>";
		};
		5AF01A79290BC38F00F980DB /* LaunchScreen.storyboard */ = {
			isa = PBXVariantGroup;
			children = (
				5AF01A7A290BC38F00F980DB /* Base */,
			);
			name = LaunchScreen.storyboard;
			sourceTree = "<group>";
		};
/* End PBXVariantGroup section */

/* Begin XCBuildConfiguration section */
		5AF01A7D290BC38F00F980DB /* Debug */ = {
			isa = XCBuildConfiguration;
			buildSettings = {
				ALWAYS_SEARCH_USER_PATHS = NO;
				CLANG_ANALYZER_NONNULL = YES;
				CLANG_ANALYZER_NUMBER_OBJECT_CONVERSION = YES_AGGRESSIVE;
				CLANG_CXX_LANGUAGE_STANDARD = "gnu++20";
				CLANG_ENABLE_MODULES = YES;
				CLANG_ENABLE_OBJC_ARC = YES;
				CLANG_ENABLE_OBJC_WEAK = YES;
				CLANG_WARN_BLOCK_CAPTURE_AUTORELEASING = YES;
				CLANG_WARN_BOOL_CONVERSION = YES;
				CLANG_WARN_COMMA = YES;
				CLANG_WARN_CONSTANT_CONVERSION = YES;
				CLANG_WARN_DEPRECATED_OBJC_IMPLEMENTATIONS = YES;
				CLANG_WARN_DIRECT_OBJC_ISA_USAGE = YES_ERROR;
				CLANG_WARN_DOCUMENTATION_COMMENTS = YES;
				CLANG_WARN_EMPTY_BODY = YES;
				CLANG_WARN_ENUM_CONVERSION = YES;
				CLANG_WARN_INFINITE_RECURSION = YES;
				CLANG_WARN_INT_CONVERSION = YES;
				CLANG_WARN_NON_LITERAL_NULL_CONVERSION = YES;
				CLANG_WARN_OBJC_IMPLICIT_RETAIN_SELF = YES;
				CLANG_WARN_OBJC_LITERAL_CONVERSION = YES;
				CLANG_WARN_OBJC_ROOT_CLASS = YES_ERROR;
				CLANG_WARN_QUOTED_INCLUDE_IN_FRAMEWORK_HEADER = YES;
				CLANG_WARN_RANGE_LOOP_ANALYSIS = YES;
				CLANG_WARN_STRICT_PROTOTYPES = YES;
				CLANG_WARN_SUSPICIOUS_MOVE = YES;
				CLANG_WARN_UNGUARDED_AVAILABILITY = YES_AGGRESSIVE;
				CLANG_WARN_UNREACHABLE_CODE = YES;
				CLANG_WARN__DUPLICATE_METHOD_MATCH = YES;
				COPY_PHASE_STRIP = NO;
				DEBUG_INFORMATION_FORMAT = dwarf;
				ENABLE_STRICT_OBJC_MSGSEND = YES;
				ENABLE_TESTABILITY = YES;
				GCC_C_LANGUAGE_STANDARD = gnu11;
				GCC_DYNAMIC_NO_PIC = NO;
				GCC_NO_COMMON_BLOCKS = YES;
				GCC_OPTIMIZATION_LEVEL = 0;
				GCC_PREPROCESSOR_DEFINITIONS = (
					"DEBUG=1",
					"$(inherited)",
				);
				GCC_WARN_64_TO_32_BIT_CONVERSION = YES;
				GCC_WARN_ABOUT_RETURN_TYPE = YES_ERROR;
				GCC_WARN_UNDECLARED_SELECTOR = YES;
				GCC_WARN_UNINITIALIZED_AUTOS = YES_AGGRESSIVE;
				GCC_WARN_UNUSED_FUNCTION = YES;
				GCC_WARN_UNUSED_VARIABLE = YES;
				IPHONEOS_DEPLOYMENT_TARGET = 16.0;
				MTL_ENABLE_DEBUG_INFO = INCLUDE_SOURCE;
				MTL_FAST_MATH = YES;
				ONLY_ACTIVE_ARCH = YES;
				SDKROOT = iphoneos;
				SWIFT_ACTIVE_COMPILATION_CONDITIONS = DEBUG;
				SWIFT_OPTIMIZATION_LEVEL = "-Onone";
			};
			name = Debug;
		};
		5AF01A7E290BC38F00F980DB /* Release */ = {
			isa = XCBuildConfiguration;
			buildSettings = {
				ALWAYS_SEARCH_USER_PATHS = NO;
				CLANG_ANALYZER_NONNULL = YES;
				CLANG_ANALYZER_NUMBER_OBJECT_CONVERSION = YES_AGGRESSIVE;
				CLANG_CXX_LANGUAGE_STANDARD = "gnu++20";
				CLANG_ENABLE_MODULES = YES;
				CLANG_ENABLE_OBJC_ARC = YES;
				CLANG_ENABLE_OBJC_WEAK = YES;
				CLANG_WARN_BLOCK_CAPTURE_AUTORELEASING = YES;
				CLANG_WARN_BOOL_CONVERSION = YES;
				CLANG_WARN_COMMA = YES;
				CLANG_WARN_CONSTANT_CONVERSION = YES;
				CLANG_WARN_DEPRECATED_OBJC_IMPLEMENTATIONS = YES;
				CLANG_WARN_DIRECT_OBJC_ISA_USAGE = YES_ERROR;
				CLANG_WARN_DOCUMENTATION_COMMENTS = YES;
				CLANG_WARN_EMPTY_BODY = YES;
				CLANG_WARN_ENUM_CONVERSION = YES;
				CLANG_WARN_INFINITE_RECURSION = YES;
				CLANG_WARN_INT_CONVERSION = YES;
				CLANG_WARN_NON_LITERAL_NULL_CONVERSION = YES;
				CLANG_WARN_OBJC_IMPLICIT_RETAIN_SELF = YES;
				CLANG_WARN_OBJC_LITERAL_CONVERSION = YES;
				CLANG_WARN_OBJC_ROOT_CLASS = YES_ERROR;
				CLANG_WARN_QUOTED_INCLUDE_IN_FRAMEWORK_HEADER = YES;
				CLANG_WARN_RANGE_LOOP_ANALYSIS = YES;
				CLANG_WARN_STRICT_PROTOTYPES = YES;
				CLANG_WARN_SUSPICIOUS_MOVE = YES;
				CLANG_WARN_UNGUARDED_AVAILABILITY = YES_AGGRESSIVE;
				CLANG_WARN_UNREACHABLE_CODE = YES;
				CLANG_WARN__DUPLICATE_METHOD_MATCH = YES;
				COPY_PHASE_STRIP = NO;
				DEBUG_INFORMATION_FORMAT = "dwarf-with-dsym";
				ENABLE_NS_ASSERTIONS = NO;
				ENABLE_STRICT_OBJC_MSGSEND = YES;
				GCC_C_LANGUAGE_STANDARD = gnu11;
				GCC_NO_COMMON_BLOCKS = YES;
				GCC_WARN_64_TO_32_BIT_CONVERSION = YES;
				GCC_WARN_ABOUT_RETURN_TYPE = YES_ERROR;
				GCC_WARN_UNDECLARED_SELECTOR = YES;
				GCC_WARN_UNINITIALIZED_AUTOS = YES_AGGRESSIVE;
				GCC_WARN_UNUSED_FUNCTION = YES;
				GCC_WARN_UNUSED_VARIABLE = YES;
				IPHONEOS_DEPLOYMENT_TARGET = 16.0;
				MTL_ENABLE_DEBUG_INFO = NO;
				MTL_FAST_MATH = YES;
				SDKROOT = iphoneos;
				SWIFT_COMPILATION_MODE = wholemodule;
				SWIFT_OPTIMIZATION_LEVEL = "-O";
				VALIDATE_PRODUCT = YES;
			};
			name = Release;
		};
		5AF01A80290BC38F00F980DB /* Debug */ = {
			isa = XCBuildConfiguration;
			baseConfigurationReference = 70E232CD952F7789B4A15671 /* Pods-DailyPaper.debug.xcconfig */;
			buildSettings = {
				ASSETCATALOG_COMPILER_APPICON_NAME = AppIcon;
				ASSETCATALOG_COMPILER_GLOBAL_ACCENT_COLOR_NAME = AccentColor;
				CODE_SIGN_STYLE = Automatic;
				CURRENT_PROJECT_VERSION = 1;
				DEVELOPMENT_TEAM = 568XKG2E4W;
				GENERATE_INFOPLIST_FILE = YES;
				INFOPLIST_FILE = DailyPaper/Info.plist;
				INFOPLIST_KEY_NSMicrophoneUsageDescription = "use micro phone";
				INFOPLIST_KEY_UIApplicationSupportsIndirectInputEvents = YES;
				INFOPLIST_KEY_UILaunchStoryboardName = LaunchScreen.storyboard;
				INFOPLIST_KEY_UIMainStoryboardFile = Main;
				INFOPLIST_KEY_UISupportedInterfaceOrientations_iPad = "UIInterfaceOrientationPortrait UIInterfaceOrientationPortraitUpsideDown UIInterfaceOrientationLandscapeLeft UIInterfaceOrientationLandscapeRight";
				INFOPLIST_KEY_UISupportedInterfaceOrientations_iPhone = "UIInterfaceOrientationPortrait UIInterfaceOrientationLandscapeLeft UIInterfaceOrientationLandscapeRight";
				INFOPLIST_KEY_UIUserInterfaceStyle = Light;
				IPHONEOS_DEPLOYMENT_TARGET = 14.0;
				LD_RUNPATH_SEARCH_PATHS = (
					"$(inherited)",
					"@executable_path/Frameworks",
				);
				MARKETING_VERSION = 1.0;
				PRODUCT_BUNDLE_IDENTIFIER = com.zz.DailyPaper;
				PRODUCT_NAME = "$(TARGET_NAME)";
				SWIFT_EMIT_LOC_STRINGS = YES;
				SWIFT_VERSION = 5.0;
				TARGETED_DEVICE_FAMILY = "1,2";
			};
			name = Debug;
		};
		5AF01A81290BC38F00F980DB /* Release */ = {
			isa = XCBuildConfiguration;
			baseConfigurationReference = 855E4CBD72A2A688D5D5DDBD /* Pods-DailyPaper.release.xcconfig */;
			buildSettings = {
				ASSETCATALOG_COMPILER_APPICON_NAME = AppIcon;
				ASSETCATALOG_COMPILER_GLOBAL_ACCENT_COLOR_NAME = AccentColor;
				CODE_SIGN_STYLE = Automatic;
				CURRENT_PROJECT_VERSION = 1;
				DEVELOPMENT_TEAM = 568XKG2E4W;
				GENERATE_INFOPLIST_FILE = YES;
				INFOPLIST_FILE = DailyPaper/Info.plist;
				INFOPLIST_KEY_NSMicrophoneUsageDescription = "use micro phone";
				INFOPLIST_KEY_UIApplicationSupportsIndirectInputEvents = YES;
				INFOPLIST_KEY_UILaunchStoryboardName = LaunchScreen.storyboard;
				INFOPLIST_KEY_UIMainStoryboardFile = Main;
				INFOPLIST_KEY_UISupportedInterfaceOrientations_iPad = "UIInterfaceOrientationPortrait UIInterfaceOrientationPortraitUpsideDown UIInterfaceOrientationLandscapeLeft UIInterfaceOrientationLandscapeRight";
				INFOPLIST_KEY_UISupportedInterfaceOrientations_iPhone = "UIInterfaceOrientationPortrait UIInterfaceOrientationLandscapeLeft UIInterfaceOrientationLandscapeRight";
				INFOPLIST_KEY_UIUserInterfaceStyle = Light;
				IPHONEOS_DEPLOYMENT_TARGET = 14.0;
				LD_RUNPATH_SEARCH_PATHS = (
					"$(inherited)",
					"@executable_path/Frameworks",
				);
				MARKETING_VERSION = 1.0;
				PRODUCT_BUNDLE_IDENTIFIER = com.zz.DailyPaper;
				PRODUCT_NAME = "$(TARGET_NAME)";
				SWIFT_EMIT_LOC_STRINGS = YES;
				SWIFT_VERSION = 5.0;
				TARGETED_DEVICE_FAMILY = "1,2";
			};
			name = Release;
		};
/* End XCBuildConfiguration section */

/* Begin XCConfigurationList section */
		5AF01A66290BC38E00F980DB /* Build configuration list for PBXProject "DailyPaper" */ = {
			isa = XCConfigurationList;
			buildConfigurations = (
				5AF01A7D290BC38F00F980DB /* Debug */,
				5AF01A7E290BC38F00F980DB /* Release */,
			);
			defaultConfigurationIsVisible = 0;
			defaultConfigurationName = Release;
		};
		5AF01A7F290BC38F00F980DB /* Build configuration list for PBXNativeTarget "DailyPaper" */ = {
			isa = XCConfigurationList;
			buildConfigurations = (
				5AF01A80290BC38F00F980DB /* Debug */,
				5AF01A81290BC38F00F980DB /* Release */,
			);
			defaultConfigurationIsVisible = 0;
			defaultConfigurationName = Release;
		};
/* End XCConfigurationList section */
	};
	rootObject = 5AF01A63290BC38E00F980DB /* Project object */;
}
